{
  "name": "@nest-firebase/pubsub",
  "version": "1.4.1",
  "lockfileVersion": 1,
  "requires": true,
  "dependencies": {
    "@golevelup/nestjs-discovery": {
      "version": "2.3.0",
      "resolved": "https://registry.npmjs.org/@golevelup/nestjs-discovery/-/nestjs-discovery-2.3.0.tgz",
      "integrity": "sha512-l4L2FIKtJnpd4ZjjEKQqy5EKGLXIbTdEHmFvMs+QCELOl1rTcfgmgNDjQFBtNyH6iGseOR3gWNGZ4wmL/lzudg==",
      "requires": {
        "lodash": "^4.17.15"
      }
    },
    "lodash": {
      "version": "4.17.15",
      "resolved": "https://registry.npmjs.org/lodash/-/lodash-4.17.15.tgz",
      "integrity": "sha512-8xOcRHvCjnocdS5cpwXQXVzmmh5e5+saE2QGoeQmbKmRS6J3VQppPOIt0MnmE+4xlZoumy0GPG0D0MVIQbNA1A=="
    },
    "lodash.flatmap": {
      "version": "4.5.0",
      "resolved": "https://registry.npmjs.org/lodash.flatmap/-/lodash.flatmap-4.5.0.tgz",
      "integrity": "sha1-74y/QI9uSCaGYzRTBcaswLd4cC4="
    }
  }
}
